// !$*UTF8*$!
{
	archiveVersion = 1;
	classes = {
	};
	objectVersion = 46;
	objects = {

/* Begin PBXBuildFile section */
		AE04F602170EEA170032338C /* Cocoa.framework in Frameworks */ = {isa = PBXBuildFile; fileRef = AE04F601170EEA170032338C /* Cocoa.framework */; };
		AE04F60C170EEA170032338C /* InfoPlist.strings in Resources */ = {isa = PBXBuildFile; fileRef = AE04F60A170EEA170032338C /* InfoPlist.strings */; };
		AE04F60E170EEA170032338C /* main.m in Sources */ = {isa = PBXBuildFile; fileRef = AE04F60D170EEA170032338C /* main.m */; };
		AE04F612170EEA170032338C /* Credits.rtf in Resources */ = {isa = PBXBuildFile; fileRef = AE04F610170EEA170032338C /* Credits.rtf */; };
		AE04F615170EEA170032338C /* LMAppDelegate.m in Sources */ = {isa = PBXBuildFile; fileRef = AE04F614170EEA170032338C /* LMAppDelegate.m */; };
		AE04F622170EEA8A0032338C /* LMTextView.m in Sources */ = {isa = PBXBuildFile; fileRef = AE04F61F170EEA8A0032338C /* LMTextView.m */; };
		AE04F623170EEA8A0032338C /* LMTextScrollView.m in Sources */ = {isa = PBXBuildFile; fileRef = AE04F621170EEA8A0032338C /* LMTextScrollView.m */; };
		AE04F633170EEAEF0032338C /* LMCompletionTableCellView.m in Sources */ = {isa = PBXBuildFile; fileRef = AE04F62B170EEAEF0032338C /* LMCompletionTableCellView.m */; };
		AE04F634170EEAEF0032338C /* LMCompletionTableView.m in Sources */ = {isa = PBXBuildFile; fileRef = AE04F62D170EEAEF0032338C /* LMCompletionTableView.m */; };
		AE04F635170EEAEF0032338C /* LMCompletionView.m in Sources */ = {isa = PBXBuildFile; fileRef = AE04F62F170EEAEF0032338C /* LMCompletionView.m */; };
		AE04F638170EEB110032338C /* Quartz.framework in Frameworks */ = {isa = PBXBuildFile; fileRef = AE04F636170EEB110032338C /* Quartz.framework */; };
		AE04F639170EEB110032338C /* QuartzCore.framework in Frameworks */ = {isa = PBXBuildFile; fileRef = AE04F637170EEB110032338C /* QuartzCore.framework */; };
		AE04F640170EEDB90032338C /* LMTextViewWindow.m in Sources */ = {isa = PBXBuildFile; fileRef = AE04F63F170EEDB90032338C /* LMTextViewWindow.m */; };
		AE0C57E7170FBF4700FDFBDA /* LMJSONTextParser.m in Sources */ = {isa = PBXBuildFile; fileRef = AE0C57E6170FBF4700FDFBDA /* LMJSONTextParser.m */; };
		AE0C57F1170FEDAC00FDFBDA /* LMFoldingTextAttachmentCell.m in Sources */ = {isa = PBXBuildFile; fileRef = AE0C57F0170FEDAC00FDFBDA /* LMFoldingTextAttachmentCell.m */; };
		AE4AC703171035E200DB8A77 /* LMTokenAttachmentCell.m in Sources */ = {isa = PBXBuildFile; fileRef = AE4AC702171035E200DB8A77 /* LMTokenAttachmentCell.m */; };
		AE4E749A170EF98F003BF794 /* NSView+CocoaExtensions.m in Sources */ = {isa = PBXBuildFile; fileRef = AE4E7499170EF98E003BF794 /* NSView+CocoaExtensions.m */; };
		AE4E74A2170F1561003BF794 /* jsmn.c in Sources */ = {isa = PBXBuildFile; fileRef = AE4E74A0170F1561003BF794 /* jsmn.c */; };
		AE4E74AB170F4504003BF794 /* NSArray+KeyPath.m in Sources */ = {isa = PBXBuildFile; fileRef = AE4E74AA170F4504003BF794 /* NSArray+KeyPath.m */; };
		AE64243E171582E300C14DA5 /* LMLineNumberRuler.m in Sources */ = {isa = PBXBuildFile; fileRef = AE64243D171582E300C14DA5 /* LMLineNumberRuler.m */; };
		AE818A0B171A91B500968B82 /* LMAttributedTokenStringValueTransformer.m in Sources */ = {isa = PBXBuildFile; fileRef = AE818A0A171A91B500968B82 /* LMAttributedTokenStringValueTransformer.m */; };
		AE818A0C171A91B500968B82 /* LMAttributedTokenStringValueTransformer.m in Sources */ = {isa = PBXBuildFile; fileRef = AE818A0A171A91B500968B82 /* LMAttributedTokenStringValueTransformer.m */; };
		AE818A0F171A9DF600968B82 /* NSObject+TDBindings.m in Sources */ = {isa = PBXBuildFile; fileRef = AE818A0E171A9DF600968B82 /* NSObject+TDBindings.m */; };
		AE818A10171A9DF600968B82 /* NSObject+TDBindings.m in Sources */ = {isa = PBXBuildFile; fileRef = AE818A0E171A9DF600968B82 /* NSObject+TDBindings.m */; };
		AE818A13171ABFAB00968B82 /* NSMutableAttributedString+CocoaExtensions.m in Sources */ = {isa = PBXBuildFile; fileRef = AE818A12171ABFAB00968B82 /* NSMutableAttributedString+CocoaExtensions.m */; };
		AE818A14171ABFAB00968B82 /* NSMutableAttributedString+CocoaExtensions.m in Sources */ = {isa = PBXBuildFile; fileRef = AE818A12171ABFAB00968B82 /* NSMutableAttributedString+CocoaExtensions.m */; };
		AED2D2DC1716ABF300C38A87 /* main.m in Sources */ = {isa = PBXBuildFile; fileRef = AE04F60D170EEA170032338C /* main.m */; };
		AED2D2DD1716ABF300C38A87 /* LMAppDelegate.m in Sources */ = {isa = PBXBuildFile; fileRef = AE04F614170EEA170032338C /* LMAppDelegate.m */; };
		AED2D2DE1716ABF300C38A87 /* LMTextView.m in Sources */ = {isa = PBXBuildFile; fileRef = AE04F61F170EEA8A0032338C /* LMTextView.m */; };
		AED2D2DF1716ABF300C38A87 /* LMTextScrollView.m in Sources */ = {isa = PBXBuildFile; fileRef = AE04F621170EEA8A0032338C /* LMTextScrollView.m */; };
		AED2D2E01716ABF300C38A87 /* LMCompletionTableCellView.m in Sources */ = {isa = PBXBuildFile; fileRef = AE04F62B170EEAEF0032338C /* LMCompletionTableCellView.m */; };
		AED2D2E11716ABF300C38A87 /* LMCompletionTableView.m in Sources */ = {isa = PBXBuildFile; fileRef = AE04F62D170EEAEF0032338C /* LMCompletionTableView.m */; };
		AED2D2E21716ABF300C38A87 /* LMCompletionView.m in Sources */ = {isa = PBXBuildFile; fileRef = AE04F62F170EEAEF0032338C /* LMCompletionView.m */; };
		AED2D2E41716ABF300C38A87 /* NSView+CocoaExtensions.m in Sources */ = {isa = PBXBuildFile; fileRef = AE4E7499170EF98E003BF794 /* NSView+CocoaExtensions.m */; };
		AED2D2E51716ABF300C38A87 /* jsmn.c in Sources */ = {isa = PBXBuildFile; fileRef = AE4E74A0170F1561003BF794 /* jsmn.c */; };
		AED2D2E61716ABF300C38A87 /* NSArray+KeyPath.m in Sources */ = {isa = PBXBuildFile; fileRef = AE4E74AA170F4504003BF794 /* NSArray+KeyPath.m */; };
		AED2D2E71716ABF300C38A87 /* LMJSONTextParser.m in Sources */ = {isa = PBXBuildFile; fileRef = AE0C57E6170FBF4700FDFBDA /* LMJSONTextParser.m */; };
		AED2D2E81716ABF300C38A87 /* LMFoldingTextAttachmentCell.m in Sources */ = {isa = PBXBuildFile; fileRef = AE0C57F0170FEDAC00FDFBDA /* LMFoldingTextAttachmentCell.m */; };
		AED2D2E91716ABF300C38A87 /* LMTokenAttachmentCell.m in Sources */ = {isa = PBXBuildFile; fileRef = AE4AC702171035E200DB8A77 /* LMTokenAttachmentCell.m */; };
		AED2D2EA1716ABF300C38A87 /* LMLineNumberRuler.m in Sources */ = {isa = PBXBuildFile; fileRef = AE64243D171582E300C14DA5 /* LMLineNumberRuler.m */; };
		AED2D2EC1716ABF300C38A87 /* Quartz.framework in Frameworks */ = {isa = PBXBuildFile; fileRef = AE04F636170EEB110032338C /* Quartz.framework */; };
		AED2D2ED1716ABF300C38A87 /* QuartzCore.framework in Frameworks */ = {isa = PBXBuildFile; fileRef = AE04F637170EEB110032338C /* QuartzCore.framework */; };
		AED2D2EE1716ABF300C38A87 /* Cocoa.framework in Frameworks */ = {isa = PBXBuildFile; fileRef = AE04F601170EEA170032338C /* Cocoa.framework */; };
		AED2D2F01716ABF300C38A87 /* InfoPlist.strings in Resources */ = {isa = PBXBuildFile; fileRef = AE04F60A170EEA170032338C /* InfoPlist.strings */; };
		AED2D2F11716ABF300C38A87 /* Credits.rtf in Resources */ = {isa = PBXBuildFile; fileRef = AE04F610170EEA170032338C /* Credits.rtf */; };
		AED2D2FB1716ACBA00C38A87 /* MainMenu.xib in Resources */ = {isa = PBXBuildFile; fileRef = AED2D2FA1716ACBA00C38A87 /* MainMenu.xib */; };
		AED2D2FD1716ACC200C38A87 /* MainMenu.xib in Resources */ = {isa = PBXBuildFile; fileRef = AED2D2FC1716ACC200C38A87 /* MainMenu.xib */; };
		AED2D3001716AD5F00C38A87 /* LMTextFieldWindow.m in Sources */ = {isa = PBXBuildFile; fileRef = AED2D2FF1716AD5F00C38A87 /* LMTextFieldWindow.m */; };
		AED2D3041716AF8500C38A87 /* LMTextField.m in Sources */ = {isa = PBXBuildFile; fileRef = AED2D3031716AF8500C38A87 /* LMTextField.m */; };
		AED2D3051716AF8500C38A87 /* LMTextField.m in Sources */ = {isa = PBXBuildFile; fileRef = AED2D3031716AF8500C38A87 /* LMTextField.m */; };
		AED2D3081716AFA200C38A87 /* LMTextFieldCell.m in Sources */ = {isa = PBXBuildFile; fileRef = AED2D3071716AFA200C38A87 /* LMTextFieldCell.m */; };
		AED2D3091716AFA200C38A87 /* LMTextFieldCell.m in Sources */ = {isa = PBXBuildFile; fileRef = AED2D3071716AFA200C38A87 /* LMTextFieldCell.m */; };
/* End PBXBuildFile section */

/* Begin PBXFileReference section */
		AE04F5FE170EEA170032338C /* LMTextView Text View.app */ = {isa = PBXFileReference; explicitFileType = wrapper.application; includeInIndex = 0; path = "LMTextView Text View.app"; sourceTree = BUILT_PRODUCTS_DIR; };
		AE04F601170EEA170032338C /* Cocoa.framework */ = {isa = PBXFileReference; lastKnownFileType = wrapper.framework; name = Cocoa.framework; path = System/Library/Frameworks/Cocoa.framework; sourceTree = SDKROOT; };
		AE04F604170EEA170032338C /* AppKit.framework */ = {isa = PBXFileReference; lastKnownFileType = wrapper.framework; name = AppKit.framework; path = System/Library/Frameworks/AppKit.framework; sourceTree = SDKROOT; };
		AE04F605170EEA170032338C /* CoreData.framework */ = {isa = PBXFileReference; lastKnownFileType = wrapper.framework; name = CoreData.framework; path = System/Library/Frameworks/CoreData.framework; sourceTree = SDKROOT; };
		AE04F606170EEA170032338C /* Foundation.framework */ = {isa = PBXFileReference; lastKnownFileType = wrapper.framework; name = Foundation.framework; path = System/Library/Frameworks/Foundation.framework; sourceTree = SDKROOT; };
		AE04F609170EEA170032338C /* LMTextView Text View-Info.plist */ = {isa = PBXFileReference; lastKnownFileType = text.plist.xml; path = "LMTextView Text View-Info.plist"; sourceTree = "<group>"; };
		AE04F60B170EEA170032338C /* en */ = {isa = PBXFileReference; lastKnownFileType = text.plist.strings; name = en; path = en.lproj/InfoPlist.strings; sourceTree = "<group>"; };
		AE04F60D170EEA170032338C /* main.m */ = {isa = PBXFileReference; lastKnownFileType = sourcecode.c.objc; path = main.m; sourceTree = "<group>"; };
		AE04F60F170EEA170032338C /* LMTextView-Prefix.pch */ = {isa = PBXFileReference; lastKnownFileType = sourcecode.c.h; path = "LMTextView-Prefix.pch"; sourceTree = "<group>"; };
		AE04F611170EEA170032338C /* en */ = {isa = PBXFileReference; lastKnownFileType = text.rtf; name = en; path = en.lproj/Credits.rtf; sourceTree = "<group>"; };
		AE04F613170EEA170032338C /* LMAppDelegate.h */ = {isa = PBXFileReference; lastKnownFileType = sourcecode.c.h; path = LMAppDelegate.h; sourceTree = "<group>"; };
		AE04F614170EEA170032338C /* LMAppDelegate.m */ = {isa = PBXFileReference; lastKnownFileType = sourcecode.c.objc; path = LMAppDelegate.m; sourceTree = "<group>"; };
		AE04F61E170EEA8A0032338C /* LMTextView.h */ = {isa = PBXFileReference; fileEncoding = 4; lastKnownFileType = sourcecode.c.h; path = LMTextView.h; sourceTree = "<group>"; };
		AE04F61F170EEA8A0032338C /* LMTextView.m */ = {isa = PBXFileReference; fileEncoding = 4; lastKnownFileType = sourcecode.c.objc; path = LMTextView.m; sourceTree = "<group>"; };
		AE04F620170EEA8A0032338C /* LMTextScrollView.h */ = {isa = PBXFileReference; fileEncoding = 4; lastKnownFileType = sourcecode.c.h; path = LMTextScrollView.h; sourceTree = "<group>"; };
		AE04F621170EEA8A0032338C /* LMTextScrollView.m */ = {isa = PBXFileReference; fileEncoding = 4; lastKnownFileType = sourcecode.c.objc; path = LMTextScrollView.m; sourceTree = "<group>"; };
		AE04F62A170EEAEF0032338C /* LMCompletionTableCellView.h */ = {isa = PBXFileReference; fileEncoding = 4; lastKnownFileType = sourcecode.c.h; path = LMCompletionTableCellView.h; sourceTree = "<group>"; };
		AE04F62B170EEAEF0032338C /* LMCompletionTableCellView.m */ = {isa = PBXFileReference; fileEncoding = 4; lastKnownFileType = sourcecode.c.objc; path = LMCompletionTableCellView.m; sourceTree = "<group>"; };
		AE04F62C170EEAEF0032338C /* LMCompletionTableView.h */ = {isa = PBXFileReference; fileEncoding = 4; lastKnownFileType = sourcecode.c.h; path = LMCompletionTableView.h; sourceTree = "<group>"; };
		AE04F62D170EEAEF0032338C /* LMCompletionTableView.m */ = {isa = PBXFileReference; fileEncoding = 4; lastKnownFileType = sourcecode.c.objc; path = LMCompletionTableView.m; sourceTree = "<group>"; };
		AE04F62E170EEAEF0032338C /* LMCompletionView.h */ = {isa = PBXFileReference; fileEncoding = 4; lastKnownFileType = sourcecode.c.h; path = LMCompletionView.h; sourceTree = "<group>"; };
		AE04F62F170EEAEF0032338C /* LMCompletionView.m */ = {isa = PBXFileReference; fileEncoding = 4; lastKnownFileType = sourcecode.c.objc; path = LMCompletionView.m; sourceTree = "<group>"; };
		AE04F636170EEB110032338C /* Quartz.framework */ = {isa = PBXFileReference; lastKnownFileType = wrapper.framework; name = Quartz.framework; path = System/Library/Frameworks/Quartz.framework; sourceTree = SDKROOT; };
		AE04F637170EEB110032338C /* QuartzCore.framework */ = {isa = PBXFileReference; lastKnownFileType = wrapper.framework; name = QuartzCore.framework; path = System/Library/Frameworks/QuartzCore.framework; sourceTree = SDKROOT; };
		AE04F63E170EEDB90032338C /* LMTextViewWindow.h */ = {isa = PBXFileReference; fileEncoding = 4; lastKnownFileType = sourcecode.c.h; path = LMTextViewWindow.h; sourceTree = "<group>"; };
		AE04F63F170EEDB90032338C /* LMTextViewWindow.m */ = {isa = PBXFileReference; fileEncoding = 4; lastKnownFileType = sourcecode.c.objc; path = LMTextViewWindow.m; sourceTree = "<group>"; };
		AE0C57E4170FBE5900FDFBDA /* LMTextParser.h */ = {isa = PBXFileReference; fileEncoding = 4; lastKnownFileType = sourcecode.c.h; path = LMTextParser.h; sourceTree = "<group>"; };
		AE0C57E5170FBF4700FDFBDA /* LMJSONTextParser.h */ = {isa = PBXFileReference; fileEncoding = 4; lastKnownFileType = sourcecode.c.h; path = LMJSONTextParser.h; sourceTree = "<group>"; };
		AE0C57E6170FBF4700FDFBDA /* LMJSONTextParser.m */ = {isa = PBXFileReference; fileEncoding = 4; lastKnownFileType = sourcecode.c.objc; path = LMJSONTextParser.m; sourceTree = "<group>"; };
		AE0C57EF170FEDAC00FDFBDA /* LMFoldingTextAttachmentCell.h */ = {isa = PBXFileReference; fileEncoding = 4; lastKnownFileType = sourcecode.c.h; path = LMFoldingTextAttachmentCell.h; sourceTree = "<group>"; };
		AE0C57F0170FEDAC00FDFBDA /* LMFoldingTextAttachmentCell.m */ = {isa = PBXFileReference; fileEncoding = 4; lastKnownFileType = sourcecode.c.objc; path = LMFoldingTextAttachmentCell.m; sourceTree = "<group>"; };
		AE4AC701171035E200DB8A77 /* LMTokenAttachmentCell.h */ = {isa = PBXFileReference; fileEncoding = 4; lastKnownFileType = sourcecode.c.h; path = LMTokenAttachmentCell.h; sourceTree = "<group>"; };
		AE4AC702171035E200DB8A77 /* LMTokenAttachmentCell.m */ = {isa = PBXFileReference; fileEncoding = 4; lastKnownFileType = sourcecode.c.objc; path = LMTokenAttachmentCell.m; sourceTree = "<group>"; };
		AE4E7498170EF98E003BF794 /* NSView+CocoaExtensions.h */ = {isa = PBXFileReference; fileEncoding = 4; lastKnownFileType = sourcecode.c.h; path = "NSView+CocoaExtensions.h"; sourceTree = "<group>"; };
		AE4E7499170EF98E003BF794 /* NSView+CocoaExtensions.m */ = {isa = PBXFileReference; fileEncoding = 4; lastKnownFileType = sourcecode.c.objc; path = "NSView+CocoaExtensions.m"; sourceTree = "<group>"; };
		AE4E74A0170F1561003BF794 /* jsmn.c */ = {isa = PBXFileReference; fileEncoding = 4; lastKnownFileType = sourcecode.c.c; name = jsmn.c; path = Dependencies/jsmn/jsmn.c; sourceTree = "<group>"; };
		AE4E74A1170F1561003BF794 /* jsmn.h */ = {isa = PBXFileReference; fileEncoding = 4; lastKnownFileType = sourcecode.c.h; name = jsmn.h; path = Dependencies/jsmn/jsmn.h; sourceTree = "<group>"; };
		AE4E74A9170F4504003BF794 /* NSArray+KeyPath.h */ = {isa = PBXFileReference; fileEncoding = 4; lastKnownFileType = sourcecode.c.h; path = "NSArray+KeyPath.h"; sourceTree = "<group>"; };
		AE4E74AA170F4504003BF794 /* NSArray+KeyPath.m */ = {isa = PBXFileReference; fileEncoding = 4; lastKnownFileType = sourcecode.c.objc; path = "NSArray+KeyPath.m"; sourceTree = "<group>"; };
		AE64243C171582E300C14DA5 /* LMLineNumberRuler.h */ = {isa = PBXFileReference; fileEncoding = 4; lastKnownFileType = sourcecode.c.h; path = LMLineNumberRuler.h; sourceTree = "<group>"; };
		AE64243D171582E300C14DA5 /* LMLineNumberRuler.m */ = {isa = PBXFileReference; fileEncoding = 4; lastKnownFileType = sourcecode.c.objc; path = LMLineNumberRuler.m; sourceTree = "<group>"; };
		AE818A09171A91B500968B82 /* LMAttributedTokenStringValueTransformer.h */ = {isa = PBXFileReference; fileEncoding = 4; lastKnownFileType = sourcecode.c.h; path = LMAttributedTokenStringValueTransformer.h; sourceTree = "<group>"; };
		AE818A0A171A91B500968B82 /* LMAttributedTokenStringValueTransformer.m */ = {isa = PBXFileReference; fileEncoding = 4; lastKnownFileType = sourcecode.c.objc; path = LMAttributedTokenStringValueTransformer.m; sourceTree = "<group>"; };
		AE818A0D171A9DF600968B82 /* NSObject+TDBindings.h */ = {isa = PBXFileReference; fileEncoding = 4; lastKnownFileType = sourcecode.c.h; path = "NSObject+TDBindings.h"; sourceTree = "<group>"; };
		AE818A0E171A9DF600968B82 /* NSObject+TDBindings.m */ = {isa = PBXFileReference; fileEncoding = 4; lastKnownFileType = sourcecode.c.objc; path = "NSObject+TDBindings.m"; sourceTree = "<group>"; };
		AE818A11171ABFAB00968B82 /* NSMutableAttributedString+CocoaExtensions.h */ = {isa = PBXFileReference; fileEncoding = 4; lastKnownFileType = sourcecode.c.h; path = "NSMutableAttributedString+CocoaExtensions.h"; sourceTree = "<group>"; };
		AE818A12171ABFAB00968B82 /* NSMutableAttributedString+CocoaExtensions.m */ = {isa = PBXFileReference; fileEncoding = 4; lastKnownFileType = sourcecode.c.objc; path = "NSMutableAttributedString+CocoaExtensions.m"; sourceTree = "<group>"; };
		AED2D2F61716ABF300C38A87 /* LMTextView Text Field.app */ = {isa = PBXFileReference; explicitFileType = wrapper.application; includeInIndex = 0; path = "LMTextView Text Field.app"; sourceTree = BUILT_PRODUCTS_DIR; };
		AED2D2F71716ABF300C38A87 /* LMTextView Text Field-Info.plist */ = {isa = PBXFileReference; lastKnownFileType = text.plist.xml; name = "LMTextView Text Field-Info.plist"; path = "/Users/michamazaheri/Desktop/Lucky Marmot/LMTextView/LMTextView Text Field-Info.plist"; sourceTree = "<absolute>"; };
		AED2D2FA1716ACBA00C38A87 /* MainMenu.xib */ = {isa = PBXFileReference; fileEncoding = 4; lastKnownFileType = file.xib; name = MainMenu.xib; path = Tests/TextView/MainMenu.xib; sourceTree = "<group>"; };
		AED2D2FC1716ACC200C38A87 /* MainMenu.xib */ = {isa = PBXFileReference; fileEncoding = 4; lastKnownFileType = file.xib; name = MainMenu.xib; path = Tests/TextField/MainMenu.xib; sourceTree = "<group>"; };
		AED2D2FE1716AD5F00C38A87 /* LMTextFieldWindow.h */ = {isa = PBXFileReference; fileEncoding = 4; lastKnownFileType = sourcecode.c.h; path = LMTextFieldWindow.h; sourceTree = "<group>"; };
		AED2D2FF1716AD5F00C38A87 /* LMTextFieldWindow.m */ = {isa = PBXFileReference; fileEncoding = 4; lastKnownFileType = sourcecode.c.objc; path = LMTextFieldWindow.m; sourceTree = "<group>"; };
		AED2D3021716AF8500C38A87 /* LMTextField.h */ = {isa = PBXFileReference; fileEncoding = 4; lastKnownFileType = sourcecode.c.h; path = LMTextField.h; sourceTree = "<group>"; };
		AED2D3031716AF8500C38A87 /* LMTextField.m */ = {isa = PBXFileReference; fileEncoding = 4; lastKnownFileType = sourcecode.c.objc; path = LMTextField.m; sourceTree = "<group>"; };
		AED2D3061716AFA200C38A87 /* LMTextFieldCell.h */ = {isa = PBXFileReference; fileEncoding = 4; lastKnownFileType = sourcecode.c.h; path = LMTextFieldCell.h; sourceTree = "<group>"; };
		AED2D3071716AFA200C38A87 /* LMTextFieldCell.m */ = {isa = PBXFileReference; fileEncoding = 4; lastKnownFileType = sourcecode.c.objc; path = LMTextFieldCell.m; sourceTree = "<group>"; };
/* End PBXFileReference section */

/* Begin PBXFrameworksBuildPhase section */
		AE04F5FB170EEA170032338C /* Frameworks */ = {
			isa = PBXFrameworksBuildPhase;
			buildActionMask = 2147483647;
			files = (
				AE04F638170EEB110032338C /* Quartz.framework in Frameworks */,
				AE04F639170EEB110032338C /* QuartzCore.framework in Frameworks */,
				AE04F602170EEA170032338C /* Cocoa.framework in Frameworks */,
			);
			runOnlyForDeploymentPostprocessing = 0;
		};
		AED2D2EB1716ABF300C38A87 /* Frameworks */ = {
			isa = PBXFrameworksBuildPhase;
			buildActionMask = 2147483647;
			files = (
				AED2D2EC1716ABF300C38A87 /* Quartz.framework in Frameworks */,
				AED2D2ED1716ABF300C38A87 /* QuartzCore.framework in Frameworks */,
				AED2D2EE1716ABF300C38A87 /* Cocoa.framework in Frameworks */,
			);
			runOnlyForDeploymentPostprocessing = 0;
		};
/* End PBXFrameworksBuildPhase section */

/* Begin PBXGroup section */
		AE04F5F5170EEA170032338C = {
			isa = PBXGroup;
			children = (
				AE04F607170EEA170032338C /* LMTextView */,
				AE04F600170EEA170032338C /* Frameworks */,
				AE04F5FF170EEA170032338C /* Products */,
			);
			sourceTree = "<group>";
		};
		AE04F5FF170EEA170032338C /* Products */ = {
			isa = PBXGroup;
			children = (
				AE04F5FE170EEA170032338C /* LMTextView Text View.app */,
				AED2D2F61716ABF300C38A87 /* LMTextView Text Field.app */,
			);
			name = Products;
			sourceTree = "<group>";
		};
		AE04F600170EEA170032338C /* Frameworks */ = {
			isa = PBXGroup;
			children = (
				AE04F636170EEB110032338C /* Quartz.framework */,
				AE04F637170EEB110032338C /* QuartzCore.framework */,
				AE04F601170EEA170032338C /* Cocoa.framework */,
				AE04F603170EEA170032338C /* Other Frameworks */,
			);
			name = Frameworks;
			sourceTree = "<group>";
		};
		AE04F603170EEA170032338C /* Other Frameworks */ = {
			isa = PBXGroup;
			children = (
				AE04F604170EEA170032338C /* AppKit.framework */,
				AE04F605170EEA170032338C /* CoreData.framework */,
				AE04F606170EEA170032338C /* Foundation.framework */,
			);
			name = "Other Frameworks";
			sourceTree = "<group>";
		};
		AE04F607170EEA170032338C /* LMTextView */ = {
			isa = PBXGroup;
			children = (
				AED2D2F81716AC4400C38A87 /* Test Applications */,
				AE64243B171581FD00C14DA5 /* Line Numbers Ruler */,
				AE04F643170EEDCC0032338C /* LMTextView */,
				AED2D3011716AF6600C38A87 /* LMTextField */,
				AE0C57E8170FECB600FDFBDA /* LMTextParser */,
				AE04F641170EEDC10032338C /* Completion */,
				AE4E74A8170F41D0003BF794 /* KeyPath */,
				AE4E749B170EF991003BF794 /* Categories */,
				AE4E74A3170F1565003BF794 /* Dependencies */,
				AE04F608170EEA170032338C /* Supporting Files */,
			);
			path = LMTextView;
			sourceTree = "<group>";
		};
		AE04F608170EEA170032338C /* Supporting Files */ = {
			isa = PBXGroup;
			children = (
				AE04F609170EEA170032338C /* LMTextView Text View-Info.plist */,
				AED2D2F71716ABF300C38A87 /* LMTextView Text Field-Info.plist */,
				AE04F60A170EEA170032338C /* InfoPlist.strings */,
				AE04F60D170EEA170032338C /* main.m */,
				AE04F60F170EEA170032338C /* LMTextView-Prefix.pch */,
				AE04F610170EEA170032338C /* Credits.rtf */,
			);
			name = "Supporting Files";
			sourceTree = "<group>";
		};
		AE04F641170EEDC10032338C /* Completion */ = {
			isa = PBXGroup;
			children = (
				AE04F62A170EEAEF0032338C /* LMCompletionTableCellView.h */,
				AE04F62B170EEAEF0032338C /* LMCompletionTableCellView.m */,
				AE04F62C170EEAEF0032338C /* LMCompletionTableView.h */,
				AE04F62D170EEAEF0032338C /* LMCompletionTableView.m */,
				AE04F62E170EEAEF0032338C /* LMCompletionView.h */,
				AE04F62F170EEAEF0032338C /* LMCompletionView.m */,
			);
			name = Completion;
			sourceTree = "<group>";
		};
		AE04F642170EEDC80032338C /* Text View App */ = {
			isa = PBXGroup;
			children = (
				AE04F63E170EEDB90032338C /* LMTextViewWindow.h */,
				AE04F63F170EEDB90032338C /* LMTextViewWindow.m */,
				AED2D2FA1716ACBA00C38A87 /* MainMenu.xib */,
			);
			name = "Text View App";
			sourceTree = "<group>";
		};
		AE04F643170EEDCC0032338C /* LMTextView */ = {
			isa = PBXGroup;
			children = (
				AE04F61E170EEA8A0032338C /* LMTextView.h */,
				AE04F61F170EEA8A0032338C /* LMTextView.m */,
				AE04F620170EEA8A0032338C /* LMTextScrollView.h */,
				AE04F621170EEA8A0032338C /* LMTextScrollView.m */,
				AE0C57EF170FEDAC00FDFBDA /* LMFoldingTextAttachmentCell.h */,
				AE0C57F0170FEDAC00FDFBDA /* LMFoldingTextAttachmentCell.m */,
				AE4AC701171035E200DB8A77 /* LMTokenAttachmentCell.h */,
				AE4AC702171035E200DB8A77 /* LMTokenAttachmentCell.m */,
				AE818A09171A91B500968B82 /* LMAttributedTokenStringValueTransformer.h */,
				AE818A0A171A91B500968B82 /* LMAttributedTokenStringValueTransformer.m */,
			);
			name = LMTextView;
			sourceTree = "<group>";
		};
		AE0C57E8170FECB600FDFBDA /* LMTextParser */ = {
			isa = PBXGroup;
			children = (
				AE0C57E4170FBE5900FDFBDA /* LMTextParser.h */,
				AE0C57E5170FBF4700FDFBDA /* LMJSONTextParser.h */,
				AE0C57E6170FBF4700FDFBDA /* LMJSONTextParser.m */,
			);
			name = LMTextParser;
			sourceTree = "<group>";
		};
		AE4E749B170EF991003BF794 /* Categories */ = {
			isa = PBXGroup;
			children = (
				AE4E7498170EF98E003BF794 /* NSView+CocoaExtensions.h */,
				AE4E7499170EF98E003BF794 /* NSView+CocoaExtensions.m */,
				AE818A0D171A9DF600968B82 /* NSObject+TDBindings.h */,
				AE818A0E171A9DF600968B82 /* NSObject+TDBindings.m */,
				AE818A11171ABFAB00968B82 /* NSMutableAttributedString+CocoaExtensions.h */,
				AE818A12171ABFAB00968B82 /* NSMutableAttributedString+CocoaExtensions.m */,
			);
			name = Categories;
			sourceTree = "<group>";
		};
		AE4E74A3170F1565003BF794 /* Dependencies */ = {
			isa = PBXGroup;
			children = (
				AE4E74A4170F156A003BF794 /* JSMN */,
			);
			name = Dependencies;
			sourceTree = "<group>";
		};
		AE4E74A4170F156A003BF794 /* JSMN */ = {
			isa = PBXGroup;
			children = (
				AE4E74A0170F1561003BF794 /* jsmn.c */,
				AE4E74A1170F1561003BF794 /* jsmn.h */,
			);
			name = JSMN;
			sourceTree = "<group>";
		};
		AE4E74A8170F41D0003BF794 /* KeyPath */ = {
			isa = PBXGroup;
			children = (
				AE4E74A9170F4504003BF794 /* NSArray+KeyPath.h */,
				AE4E74AA170F4504003BF794 /* NSArray+KeyPath.m */,
			);
			name = KeyPath;
			sourceTree = "<group>";
		};
		AE64243B171581FD00C14DA5 /* Line Numbers Ruler */ = {
			isa = PBXGroup;
			children = (
				AE64243C171582E300C14DA5 /* LMLineNumberRuler.h */,
				AE64243D171582E300C14DA5 /* LMLineNumberRuler.m */,
			);
			name = "Line Numbers Ruler";
			sourceTree = "<group>";
		};
		AED2D2F81716AC4400C38A87 /* Test Applications */ = {
			isa = PBXGroup;
			children = (
				AE04F613170EEA170032338C /* LMAppDelegate.h */,
				AE04F614170EEA170032338C /* LMAppDelegate.m */,
				AE04F642170EEDC80032338C /* Text View App */,
				AED2D2F91716AC5400C38A87 /* Text Field App */,
			);
			name = "Test Applications";
			sourceTree = "<group>";
		};
		AED2D2F91716AC5400C38A87 /* Text Field App */ = {
			isa = PBXGroup;
			children = (
				AED2D2FE1716AD5F00C38A87 /* LMTextFieldWindow.h */,
				AED2D2FF1716AD5F00C38A87 /* LMTextFieldWindow.m */,
				AED2D2FC1716ACC200C38A87 /* MainMenu.xib */,
			);
			name = "Text Field App";
			sourceTree = "<group>";
		};
		AED2D3011716AF6600C38A87 /* LMTextField */ = {
			isa = PBXGroup;
			children = (
				AED2D3021716AF8500C38A87 /* LMTextField.h */,
				AED2D3031716AF8500C38A87 /* LMTextField.m */,
				AED2D3061716AFA200C38A87 /* LMTextFieldCell.h */,
				AED2D3071716AFA200C38A87 /* LMTextFieldCell.m */,
			);
			name = LMTextField;
			sourceTree = "<group>";
		};
/* End PBXGroup section */

/* Begin PBXNativeTarget section */
		AE04F5FD170EEA170032338C /* LMTextView Text View */ = {
			isa = PBXNativeTarget;
			buildConfigurationList = AE04F61B170EEA170032338C /* Build configuration list for PBXNativeTarget "LMTextView Text View" */;
			buildPhases = (
				AE04F5FA170EEA170032338C /* Sources */,
				AE04F5FB170EEA170032338C /* Frameworks */,
				AE04F5FC170EEA170032338C /* Resources */,
			);
			buildRules = (
			);
			dependencies = (
			);
			name = "LMTextView Text View";
			productName = LMTextView;
			productReference = AE04F5FE170EEA170032338C /* LMTextView Text View.app */;
			productType = "com.apple.product-type.application";
		};
		AED2D2DA1716ABF300C38A87 /* LMTextView Text Field */ = {
			isa = PBXNativeTarget;
			buildConfigurationList = AED2D2F31716ABF300C38A87 /* Build configuration list for PBXNativeTarget "LMTextView Text Field" */;
			buildPhases = (
				AED2D2DB1716ABF300C38A87 /* Sources */,
				AED2D2EB1716ABF300C38A87 /* Frameworks */,
				AED2D2EF1716ABF300C38A87 /* Resources */,
			);
			buildRules = (
			);
			dependencies = (
			);
			name = "LMTextView Text Field";
			productName = LMTextView;
			productReference = AED2D2F61716ABF300C38A87 /* LMTextView Text Field.app */;
			productType = "com.apple.product-type.application";
		};
/* End PBXNativeTarget section */

/* Begin PBXProject section */
		AE04F5F6170EEA170032338C /* Project object */ = {
			isa = PBXProject;
			attributes = {
				CLASSPREFIX = LM;
				LastUpgradeCheck = 0460;
				ORGANIZATIONNAME = "Lucky Marmot";
			};
			buildConfigurationList = AE04F5F9170EEA170032338C /* Build configuration list for PBXProject "LMTextView" */;
			compatibilityVersion = "Xcode 3.2";
			developmentRegion = English;
			hasScannedForEncodings = 0;
			knownRegions = (
				en,
			);
			mainGroup = AE04F5F5170EEA170032338C;
			productRefGroup = AE04F5FF170EEA170032338C /* Products */;
			projectDirPath = "";
			projectRoot = "";
			targets = (
				AE04F5FD170EEA170032338C /* LMTextView Text View */,
				AED2D2DA1716ABF300C38A87 /* LMTextView Text Field */,
			);
		};
/* End PBXProject section */

/* Begin PBXResourcesBuildPhase section */
		AE04F5FC170EEA170032338C /* Resources */ = {
			isa = PBXResourcesBuildPhase;
			buildActionMask = 2147483647;
			files = (
				AE04F60C170EEA170032338C /* InfoPlist.strings in Resources */,
				AE04F612170EEA170032338C /* Credits.rtf in Resources */,
				AED2D2FB1716ACBA00C38A87 /* MainMenu.xib in Resources */,
			);
			runOnlyForDeploymentPostprocessing = 0;
		};
		AED2D2EF1716ABF300C38A87 /* Resources */ = {
			isa = PBXResourcesBuildPhase;
			buildActionMask = 2147483647;
			files = (
				AED2D2F01716ABF300C38A87 /* InfoPlist.strings in Resources */,
				AED2D2F11716ABF300C38A87 /* Credits.rtf in Resources */,
				AED2D2FD1716ACC200C38A87 /* MainMenu.xib in Resources */,
			);
			runOnlyForDeploymentPostprocessing = 0;
		};
/* End PBXResourcesBuildPhase section */

/* Begin PBXSourcesBuildPhase section */
		AE04F5FA170EEA170032338C /* Sources */ = {
			isa = PBXSourcesBuildPhase;
			buildActionMask = 2147483647;
			files = (
				AE04F60E170EEA170032338C /* main.m in Sources */,
				AE04F615170EEA170032338C /* LMAppDelegate.m in Sources */,
				AE04F622170EEA8A0032338C /* LMTextView.m in Sources */,
				AE04F623170EEA8A0032338C /* LMTextScrollView.m in Sources */,
				AE04F633170EEAEF0032338C /* LMCompletionTableCellView.m in Sources */,
				AE04F634170EEAEF0032338C /* LMCompletionTableView.m in Sources */,
				AE04F635170EEAEF0032338C /* LMCompletionView.m in Sources */,
				AE04F640170EEDB90032338C /* LMTextViewWindow.m in Sources */,
				AE4E749A170EF98F003BF794 /* NSView+CocoaExtensions.m in Sources */,
				AE4E74A2170F1561003BF794 /* jsmn.c in Sources */,
				AE4E74AB170F4504003BF794 /* NSArray+KeyPath.m in Sources */,
				AE0C57E7170FBF4700FDFBDA /* LMJSONTextParser.m in Sources */,
				AE0C57F1170FEDAC00FDFBDA /* LMFoldingTextAttachmentCell.m in Sources */,
				AE4AC703171035E200DB8A77 /* LMTokenAttachmentCell.m in Sources */,
				AE64243E171582E300C14DA5 /* LMLineNumberRuler.m in Sources */,
				AED2D3041716AF8500C38A87 /* LMTextField.m in Sources */,
				AED2D3081716AFA200C38A87 /* LMTextFieldCell.m in Sources */,
				AE818A0B171A91B500968B82 /* LMAttributedTokenStringValueTransformer.m in Sources */,
				AE818A0F171A9DF600968B82 /* NSObject+TDBindings.m in Sources */,
				AE818A13171ABFAB00968B82 /* NSMutableAttributedString+CocoaExtensions.m in Sources */,
			);
			runOnlyForDeploymentPostprocessing = 0;
		};
		AED2D2DB1716ABF300C38A87 /* Sources */ = {
			isa = PBXSourcesBuildPhase;
			buildActionMask = 2147483647;
			files = (
				AED2D2DC1716ABF300C38A87 /* main.m in Sources */,
				AED2D2DD1716ABF300C38A87 /* LMAppDelegate.m in Sources */,
				AED2D2DE1716ABF300C38A87 /* LMTextView.m in Sources */,
				AED2D2DF1716ABF300C38A87 /* LMTextScrollView.m in Sources */,
				AED2D2E01716ABF300C38A87 /* LMCompletionTableCellView.m in Sources */,
				AED2D2E11716ABF300C38A87 /* LMCompletionTableView.m in Sources */,
				AED2D2E21716ABF300C38A87 /* LMCompletionView.m in Sources */,
				AED2D2E41716ABF300C38A87 /* NSView+CocoaExtensions.m in Sources */,
				AED2D2E51716ABF300C38A87 /* jsmn.c in Sources */,
				AED2D2E61716ABF300C38A87 /* NSArray+KeyPath.m in Sources */,
				AED2D2E71716ABF300C38A87 /* LMJSONTextParser.m in Sources */,
				AED2D2E81716ABF300C38A87 /* LMFoldingTextAttachmentCell.m in Sources */,
				AED2D2E91716ABF300C38A87 /* LMTokenAttachmentCell.m in Sources */,
				AED2D2EA1716ABF300C38A87 /* LMLineNumberRuler.m in Sources */,
				AED2D3001716AD5F00C38A87 /* LMTextFieldWindow.m in Sources */,
				AED2D3051716AF8500C38A87 /* LMTextField.m in Sources */,
				AED2D3091716AFA200C38A87 /* LMTextFieldCell.m in Sources */,
				AE818A0C171A91B500968B82 /* LMAttributedTokenStringValueTransformer.m in Sources */,
				AE818A10171A9DF600968B82 /* NSObject+TDBindings.m in Sources */,
				AE818A14171ABFAB00968B82 /* NSMutableAttributedString+CocoaExtensions.m in Sources */,
			);
			runOnlyForDeploymentPostprocessing = 0;
		};
/* End PBXSourcesBuildPhase section */

/* Begin PBXVariantGroup section */
		AE04F60A170EEA170032338C /* InfoPlist.strings */ = {
			isa = PBXVariantGroup;
			children = (
				AE04F60B170EEA170032338C /* en */,
			);
			name = InfoPlist.strings;
			sourceTree = "<group>";
		};
		AE04F610170EEA170032338C /* Credits.rtf */ = {
			isa = PBXVariantGroup;
			children = (
				AE04F611170EEA170032338C /* en */,
			);
			name = Credits.rtf;
			sourceTree = "<group>";
		};
/* End PBXVariantGroup section */

/* Begin XCBuildConfiguration section */
		AE04F619170EEA170032338C /* Debug */ = {
			isa = XCBuildConfiguration;
			buildSettings = {
				ALWAYS_SEARCH_USER_PATHS = NO;
				ARCHS = "$(ARCHS_STANDARD_64_BIT)";
				CLANG_CXX_LANGUAGE_STANDARD = "gnu++0x";
				CLANG_CXX_LIBRARY = "libc++";
				CLANG_ENABLE_OBJC_ARC = YES;
				CLANG_WARN_CONSTANT_CONVERSION = YES;
				CLANG_WARN_EMPTY_BODY = YES;
				CLANG_WARN_ENUM_CONVERSION = YES;
				CLANG_WARN_INT_CONVERSION = YES;
				CLANG_WARN__DUPLICATE_METHOD_MATCH = YES;
				COPY_PHASE_STRIP = NO;
				GCC_C_LANGUAGE_STANDARD = gnu99;
				GCC_DYNAMIC_NO_PIC = NO;
				GCC_ENABLE_OBJC_EXCEPTIONS = YES;
				GCC_OPTIMIZATION_LEVEL = 0;
				GCC_PREPROCESSOR_DEFINITIONS = (
					"DEBUG=1",
					"$(inherited)",
				);
				GCC_SYMBOLS_PRIVATE_EXTERN = NO;
				GCC_WARN_64_TO_32_BIT_CONVERSION = YES;
				GCC_WARN_ABOUT_RETURN_TYPE = YES;
				GCC_WARN_UNINITIALIZED_AUTOS = YES;
				GCC_WARN_UNUSED_VARIABLE = YES;
				MACOSX_DEPLOYMENT_TARGET = 10.8;
				ONLY_ACTIVE_ARCH = YES;
				SDKROOT = macosx;
			};
			name = Debug;
		};
		AE04F61A170EEA170032338C /* Release */ = {
			isa = XCBuildConfiguration;
			buildSettings = {
				ALWAYS_SEARCH_USER_PATHS = NO;
				ARCHS = "$(ARCHS_STANDARD_64_BIT)";
				CLANG_CXX_LANGUAGE_STANDARD = "gnu++0x";
				CLANG_CXX_LIBRARY = "libc++";
				CLANG_ENABLE_OBJC_ARC = YES;
				CLANG_WARN_CONSTANT_CONVERSION = YES;
				CLANG_WARN_EMPTY_BODY = YES;
				CLANG_WARN_ENUM_CONVERSION = YES;
				CLANG_WARN_INT_CONVERSION = YES;
				CLANG_WARN__DUPLICATE_METHOD_MATCH = YES;
				COPY_PHASE_STRIP = YES;
				DEBUG_INFORMATION_FORMAT = "dwarf-with-dsym";
				GCC_C_LANGUAGE_STANDARD = gnu99;
				GCC_ENABLE_OBJC_EXCEPTIONS = YES;
				GCC_WARN_64_TO_32_BIT_CONVERSION = YES;
				GCC_WARN_ABOUT_RETURN_TYPE = YES;
				GCC_WARN_UNINITIALIZED_AUTOS = YES;
				GCC_WARN_UNUSED_VARIABLE = YES;
				MACOSX_DEPLOYMENT_TARGET = 10.8;
				SDKROOT = macosx;
			};
			name = Release;
		};
		AE04F61C170EEA170032338C /* Debug */ = {
			isa = XCBuildConfiguration;
			buildSettings = {
				COMBINE_HIDPI_IMAGES = YES;
				GCC_PRECOMPILE_PREFIX_HEADER = YES;
				GCC_PREFIX_HEADER = "LMTextView/LMTextView-Prefix.pch";
				INFOPLIST_FILE = "LMTextView/LMTextView Text View-Info.plist";
				PRODUCT_NAME = "$(TARGET_NAME)";
				WRAPPER_EXTENSION = app;
			};
			name = Debug;
		};
		AE04F61D170EEA170032338C /* Release */ = {
			isa = XCBuildConfiguration;
			buildSettings = {
				COMBINE_HIDPI_IMAGES = YES;
				GCC_PRECOMPILE_PREFIX_HEADER = YES;
				GCC_PREFIX_HEADER = "LMTextView/LMTextView-Prefix.pch";
				INFOPLIST_FILE = "LMTextView/LMTextView Text View-Info.plist";
				PRODUCT_NAME = "$(TARGET_NAME)";
				WRAPPER_EXTENSION = app;
			};
			name = Release;
		};
		AED2D2F41716ABF300C38A87 /* Debug */ = {
			isa = XCBuildConfiguration;
			buildSettings = {
				COMBINE_HIDPI_IMAGES = YES;
				GCC_PRECOMPILE_PREFIX_HEADER = YES;
				GCC_PREFIX_HEADER = "LMTextView/LMTextView-Prefix.pch";
				INFOPLIST_FILE = "LMTextView Text Field-Info.plist";
				PRODUCT_NAME = "$(TARGET_NAME)";
				WRAPPER_EXTENSION = app;
			};
			name = Debug;
		};
		AED2D2F51716ABF300C38A87 /* Release */ = {
			isa = XCBuildConfiguration;
			buildSettings = {
				COMBINE_HIDPI_IMAGES = YES;
				GCC_PRECOMPILE_PREFIX_HEADER = YES;
				GCC_PREFIX_HEADER = "LMTextView/LMTextView-Prefix.pch";
				INFOPLIST_FILE = "LMTextView Text Field-Info.plist";
				PRODUCT_NAME = "$(TARGET_NAME)";
				WRAPPER_EXTENSION = app;
			};
			name = Release;
		};
/* End XCBuildConfiguration section */

/* Begin XCConfigurationList section */
		AE04F5F9170EEA170032338C /* Build configuration list for PBXProject "LMTextView" */ = {
			isa = XCConfigurationList;
			buildConfigurations = (
				AE04F619170EEA170032338C /* Debug */,
				AE04F61A170EEA170032338C /* Release */,
			);
			defaultConfigurationIsVisible = 0;
			defaultConfigurationName = Release;
		};
		AE04F61B170EEA170032338C /* Build configuration list for PBXNativeTarget "LMTextView Text View" */ = {
			isa = XCConfigurationList;
			buildConfigurations = (
				AE04F61C170EEA170032338C /* Debug */,
				AE04F61D170EEA170032338C /* Release */,
			);
			defaultConfigurationIsVisible = 0;
			defaultConfigurationName = Release;
		};
		AED2D2F31716ABF300C38A87 /* Build configuration list for PBXNativeTarget "LMTextView Text Field" */ = {
			isa = XCConfigurationList;
			buildConfigurations = (
				AED2D2F41716ABF300C38A87 /* Debug */,
				AED2D2F51716ABF300C38A87 /* Release */,
			);
			defaultConfigurationIsVisible = 0;
			defaultConfigurationName = Release;
		};
/* End XCConfigurationList section */
	};
	rootObject = AE04F5F6170EEA170032338C /* Project object */;
}
